# This file was autogenerated by Stack.
# You should not edit this file by hand.
# For more information, please see the documentation at:
#   https://docs.haskellstack.org/en/stable/lock_files

packages:
- completed:
    hackage: rdf4h-5.0.1@sha256:76ecd4aa6b536add8d7c6c13aedd3e028d492d0044f28dba9eb130cfed063fdc,6470
    pantry-tree:
      sha256: 4c81222dbdb1a97adfb7f47421c404e6144c704e6806501d8e7d259f106b0fdd
      size: 4230
  original:
    hackage: rdf4h-5.0.1@sha256:76ecd4aa6b536add8d7c6c13aedd3e028d492d0044f28dba9eb130cfed063fdc,6470
snapshots:
- completed:
    sha256: fb634b19f31da06684bb07ce02a20c75a3162138f279b388905b03ebd57bb50f
    size: 618876
    url: https://raw.githubusercontent.com/commercialhaskell/stackage-snapshots/master/lts/19/6.yaml
  original:
    url: https://raw.githubusercontent.com/commercialhaskell/stackage-snapshots/master/lts/19/6.yaml
